// !$*UTF8*$!
{
	archiveVersion = 1;
	classes = {
	};
	objectVersion = 56;
	objects = {

/* Begin PBXBuildFile section */
		C039D8CC2A8BFE0F004C7E13 /* italianRecipeView.swift in Sources */ = {isa = PBXBuildFile; fileRef = C039D8CB2A8BFE0F004C7E13 /* italianRecipeView.swift */; };
		C0451F7F2A8BE49400B57656 /* dishApp.swift in Sources */ = {isa = PBXBuildFile; fileRef = C0451F7E2A8BE49400B57656 /* dishApp.swift */; };
		C0451F812A8BE49400B57656 /* ContentView.swift in Sources */ = {isa = PBXBuildFile; fileRef = C0451F802A8BE49400B57656 /* ContentView.swift */; };
		C0451F832A8BE49600B57656 /* Assets.xcassets in Resources */ = {isa = PBXBuildFile; fileRef = C0451F822A8BE49600B57656 /* Assets.xcassets */; };
		C0451F862A8BE49600B57656 /* Preview Assets.xcassets in Resources */ = {isa = PBXBuildFile; fileRef = C0451F852A8BE49600B57656 /* Preview Assets.xcassets */; };
		C0451F8F2A8BE6C100B57656 /* cuisineSelection.swift in Sources */ = {isa = PBXBuildFile; fileRef = C0451F8E2A8BE6C100B57656 /* cuisineSelection.swift */; };
		C0451F932A8BE75700B57656 /* ingredientsView.swift in Sources */ = {isa = PBXBuildFile; fileRef = C0451F922A8BE75700B57656 /* ingredientsView.swift */; };
		C048B0E22A8EC9E5003C9ACD /* enterName.swift in Sources */ = {isa = PBXBuildFile; fileRef = C048B0E12A8EC9E5003C9ACD /* enterName.swift */; };
		C065B28C2A8F13ED00F76C3F /* frenchRecipeView.swift in Sources */ = {isa = PBXBuildFile; fileRef = C065B28B2A8F13ED00F76C3F /* frenchRecipeView.swift */; };
		C065B28E2A8F156B00F76C3F /* frenchIngredients.swift in Sources */ = {isa = PBXBuildFile; fileRef = C065B28D2A8F156B00F76C3F /* frenchIngredients.swift */; };
		C065B2902A8F190F00F76C3F /* chineseRecipeView.swift in Sources */ = {isa = PBXBuildFile; fileRef = C065B28F2A8F190F00F76C3F /* chineseRecipeView.swift */; };
/* End PBXBuildFile section */

/* Begin PBXFileReference section */
		C039D8CB2A8BFE0F004C7E13 /* italianRecipeView.swift */ = {isa = PBXFileReference; lastKnownFileType = sourcecode.swift; path = italianRecipeView.swift; sourceTree = "<group>"; };
		C0451F7B2A8BE49400B57656 /* dish.app */ = {isa = PBXFileReference; explicitFileType = wrapper.application; includeInIndex = 0; path = dish.app; sourceTree = BUILT_PRODUCTS_DIR; };
		C0451F7E2A8BE49400B57656 /* dishApp.swift */ = {isa = PBXFileReference; lastKnownFileType = sourcecode.swift; path = dishApp.swift; sourceTree = "<group>"; };
		C0451F802A8BE49400B57656 /* ContentView.swift */ = {isa = PBXFileReference; lastKnownFileType = sourcecode.swift; path = ContentView.swift; sourceTree = "<group>"; };
		C0451F822A8BE49600B57656 /* Assets.xcassets */ = {isa = PBXFileReference; lastKnownFileType = folder.assetcatalog; path = Assets.xcassets; sourceTree = "<group>"; };
		C0451F852A8BE49600B57656 /* Preview Assets.xcassets */ = {isa = PBXFileReference; lastKnownFileType = folder.assetcatalog; path = "Preview Assets.xcassets"; sourceTree = "<group>"; };
		C0451F8E2A8BE6C100B57656 /* cuisineSelection.swift */ = {isa = PBXFileReference; lastKnownFileType = sourcecode.swift; path = cuisineSelection.swift; sourceTree = "<group>"; };
		C0451F922A8BE75700B57656 /* ingredientsView.swift */ = {isa = PBXFileReference; lastKnownFileType = sourcecode.swift; path = ingredientsView.swift; sourceTree = "<group>"; };
		C048B0E12A8EC9E5003C9ACD /* enterName.swift */ = {isa = PBXFileReference; fileEncoding = 4; lastKnownFileType = sourcecode.swift; name = enterName.swift; path = "../../../../Desktop/akshara dish/enterName.swift"; sourceTree = "<group>"; };
		C065B28B2A8F13ED00F76C3F /* frenchRecipeView.swift */ = {isa = PBXFileReference; lastKnownFileType = sourcecode.swift; path = frenchRecipeView.swift; sourceTree = "<group>"; };
		C065B28D2A8F156B00F76C3F /* frenchIngredients.swift */ = {isa = PBXFileReference; lastKnownFileType = sourcecode.swift; path = frenchIngredients.swift; sourceTree = "<group>"; };
		C065B28F2A8F190F00F76C3F /* chineseRecipeView.swift */ = {isa = PBXFileReference; lastKnownFileType = sourcecode.swift; path = chineseRecipeView.swift; sourceTree = "<group>"; };
/* End PBXFileReference section */

/* Begin PBXFrameworksBuildPhase section */
		C0451F782A8BE49400B57656 /* Frameworks */ = {
			isa = PBXFrameworksBuildPhase;
			buildActionMask = 2147483647;
			files = (
			);
			runOnlyForDeploymentPostprocessing = 0;
		};
/* End PBXFrameworksBuildPhase section */

/* Begin PBXGroup section */
		C0451F722A8BE49400B57656 = {
			isa = PBXGroup;
			children = (
				C0451F7D2A8BE49400B57656 /* dish */,
				C0451F7C2A8BE49400B57656 /* Products */,
			);
			sourceTree = "<group>";
		};
		C0451F7C2A8BE49400B57656 /* Products */ = {
			isa = PBXGroup;
			children = (
				C0451F7B2A8BE49400B57656 /* dish.app */,
			);
			name = Products;
			sourceTree = "<group>";
		};
		C0451F7D2A8BE49400B57656 /* dish */ = {
			isa = PBXGroup;
			children = (
				C0451F802A8BE49400B57656 /* ContentView.swift */,
				C048B0E12A8EC9E5003C9ACD /* enterName.swift */,
				C0451F7E2A8BE49400B57656 /* dishApp.swift */,
				C0451F8E2A8BE6C100B57656 /* cuisineSelection.swift */,
				C039D8CB2A8BFE0F004C7E13 /* italianRecipeView.swift */,
				C065B28B2A8F13ED00F76C3F /* frenchRecipeView.swift */,
				C0451F922A8BE75700B57656 /* ingredientsView.swift */,
				C065B28D2A8F156B00F76C3F /* frenchIngredients.swift */,
				C065B28F2A8F190F00F76C3F /* chineseRecipeView.swift */,
				C0451F822A8BE49600B57656 /* Assets.xcassets */,
				C0451F842A8BE49600B57656 /* Preview Content */,
			);
			path = dish;
			sourceTree = "<group>";
		};
		C0451F842A8BE49600B57656 /* Preview Content */ = {
			isa = PBXGroup;
			children = (
				C0451F852A8BE49600B57656 /* Preview Assets.xcassets */,
			);
			path = "Preview Content";
			sourceTree = "<group>";
		};
/* End PBXGroup section */

/* Begin PBXNativeTarget section */
		C0451F7A2A8BE49400B57656 /* dish */ = {
			isa = PBXNativeTarget;
			buildConfigurationList = C0451F892A8BE49600B57656 /* Build configuration list for PBXNativeTarget "dish" */;
			buildPhases = (
				C0451F772A8BE49400B57656 /* Sources */,
				C0451F782A8BE49400B57656 /* Frameworks */,
				C0451F792A8BE49400B57656 /* Resources */,
			);
			buildRules = (
			);
			dependencies = (
			);
			name = dish;
			productName = dish;
			productReference = C0451F7B2A8BE49400B57656 /* dish.app */;
			productType = "com.apple.product-type.application";
		};
/* End PBXNativeTarget section */

/* Begin PBXProject section */
		C0451F732A8BE49400B57656 /* Project object */ = {
			isa = PBXProject;
			attributes = {
				BuildIndependentTargetsInParallel = 1;
				LastSwiftUpdateCheck = 1430;
				LastUpgradeCheck = 1430;
				TargetAttributes = {
					C0451F7A2A8BE49400B57656 = {
						CreatedOnToolsVersion = 14.3.1;
					};
				};
			};
			buildConfigurationList = C0451F762A8BE49400B57656 /* Build configuration list for PBXProject "dish" */;
			compatibilityVersion = "Xcode 14.0";
			developmentRegion = en;
			hasScannedForEncodings = 0;
			knownRegions = (
				en,
				Base,
			);
			mainGroup = C0451F722A8BE49400B57656;
			productRefGroup = C0451F7C2A8BE49400B57656 /* Products */;
			projectDirPath = "";
			projectRoot = "";
			targets = (
				C0451F7A2A8BE49400B57656 /* dish */,
			);
		};
/* End PBXProject section */

/* Begin PBXResourcesBuildPhase section */
		C0451F792A8BE49400B57656 /* Resources */ = {
			isa = PBXResourcesBuildPhase;
			buildActionMask = 2147483647;
			files = (
				C0451F862A8BE49600B57656 /* Preview Assets.xcassets in Resources */,
				C0451F832A8BE49600B57656 /* Assets.xcassets in Resources */,
			);
			runOnlyForDeploymentPostprocessing = 0;
		};
/* End PBXResourcesBuildPhase section */

/* Begin PBXSourcesBuildPhase section */
		C0451F772A8BE49400B57656 /* Sources */ = {
			isa = PBXSourcesBuildPhase;
			buildActionMask = 2147483647;
			files = (
				C039D8CC2A8BFE0F004C7E13 /* italianRecipeView.swift in Sources */,
				C065B28C2A8F13ED00F76C3F /* frenchRecipeView.swift in Sources */,
				C048B0E22A8EC9E5003C9ACD /* enterName.swift in Sources */,
				C0451F932A8BE75700B57656 /* ingredientsView.swift in Sources */,
				C065B28E2A8F156B00F76C3F /* frenchIngredients.swift in Sources */,
				C0451F812A8BE49400B57656 /* ContentView.swift in Sources */,
				C065B2902A8F190F00F76C3F /* chineseRecipeView.swift in Sources */,
				C0451F7F2A8BE49400B57656 /* dishApp.swift in Sources */,
				C0451F8F2A8BE6C100B57656 /* cuisineSelection.swift in Sources */,
			);
			runOnlyForDeploymentPostprocessing = 0;
		};
/* End PBXSourcesBuildPhase section */

/* Begin XCBuildConfiguration section */
		C0451F872A8BE49600B57656 /* Debug */ = {
			isa = XCBuildConfiguration;
			buildSettings = {
				ALWAYS_SEARCH_USER_PATHS = NO;
				CLANG_ANALYZER_NONNULL = YES;
				CLANG_ANALYZER_NUMBER_OBJECT_CONVERSION = YES_AGGRESSIVE;
				CLANG_CXX_LANGUAGE_STANDARD = "gnu++20";
				CLANG_ENABLE_MODULES = YES;
				CLANG_ENABLE_OBJC_ARC = YES;
				CLANG_ENABLE_OBJC_WEAK = YES;
				CLANG_WARN_BLOCK_CAPTURE_AUTORELEASING = YES;
				CLANG_WARN_BOOL_CONVERSION = YES;
				CLANG_WARN_COMMA = YES;
				CLANG_WARN_CONSTANT_CONVERSION = YES;
				CLANG_WARN_DEPRECATED_OBJC_IMPLEMENTATIONS = YES;
				CLANG_WARN_DIRECT_OBJC_ISA_USAGE = YES_ERROR;
				CLANG_WARN_DOCUMENTATION_COMMENTS = YES;
				CLANG_WARN_EMPTY_BODY = YES;
				CLANG_WARN_ENUM_CONVERSION = YES;
				CLANG_WARN_INFINITE_RECURSION = YES;
				CLANG_WARN_INT_CONVERSION = YES;
				CLANG_WARN_NON_LITERAL_NULL_CONVERSION = YES;
				CLANG_WARN_OBJC_IMPLICIT_RETAIN_SELF = YES;
				CLANG_WARN_OBJC_LITERAL_CONVERSION = YES;
				CLANG_WARN_OBJC_ROOT_CLASS = YES_ERROR;
				CLANG_WARN_QUOTED_INCLUDE_IN_FRAMEWORK_HEADER = YES;
				CLANG_WARN_RANGE_LOOP_ANALYSIS = YES;
				CLANG_WARN_STRICT_PROTOTYPES = YES;
				CLANG_WARN_SUSPICIOUS_MOVE = YES;
				CLANG_WARN_UNGUARDED_AVAILABILITY = YES_AGGRESSIVE;
				CLANG_WARN_UNREACHABLE_CODE = YES;
				CLANG_WARN__DUPLICATE_METHOD_MATCH = YES;
				COPY_PHASE_STRIP = NO;
				DEBUG_INFORMATION_FORMAT = dwarf;
				ENABLE_STRICT_OBJC_MSGSEND = YES;
				ENABLE_TESTABILITY = YES;
				GCC_C_LANGUAGE_STANDARD = gnu11;
				GCC_DYNAMIC_NO_PIC = NO;
				GCC_NO_COMMON_BLOCKS = YES;
				GCC_OPTIMIZATION_LEVEL = 0;
				GCC_PREPROCESSOR_DEFINITIONS = (
					"DEBUG=1",
					"$(inherited)",
				);
				GCC_WARN_64_TO_32_BIT_CONVERSION = YES;
				GCC_WARN_ABOUT_RETURN_TYPE = YES_ERROR;
				GCC_WARN_UNDECLARED_SELECTOR = YES;
				GCC_WARN_UNINITIALIZED_AUTOS = YES_AGGRESSIVE;
				GCC_WARN_UNUSED_FUNCTION = YES;
				GCC_WARN_UNUSED_VARIABLE = YES;
				IPHONEOS_DEPLOYMENT_TARGET = 16.4;
				MTL_ENABLE_DEBUG_INFO = INCLUDE_SOURCE;
				MTL_FAST_MATH = YES;
				ONLY_ACTIVE_ARCH = YES;
				SDKROOT = iphoneos;
				SWIFT_ACTIVE_COMPILATION_CONDITIONS = DEBUG;
				SWIFT_OPTIMIZATION_LEVEL = "-Onone";
			};
			name = Debug;
		};
		C0451F882A8BE49600B57656 /* Release */ = {
			isa = XCBuildConfiguration;
			buildSettings = {
				ALWAYS_SEARCH_USER_PATHS = NO;
				CLANG_ANALYZER_NONNULL = YES;
				CLANG_ANALYZER_NUMBER_OBJECT_CONVERSION = YES_AGGRESSIVE;
				CLANG_CXX_LANGUAGE_STANDARD = "gnu++20";
				CLANG_ENABLE_MODULES = YES;
				CLANG_ENABLE_OBJC_ARC = YES;
				CLANG_ENABLE_OBJC_WEAK = YES;
				CLANG_WARN_BLOCK_CAPTURE_AUTORELEASING = YES;
				CLANG_WARN_BOOL_CONVERSION = YES;
				CLANG_WARN_COMMA = YES;
				CLANG_WARN_CONSTANT_CONVERSION = YES;
				CLANG_WARN_DEPRECATED_OBJC_IMPLEMENTATIONS = YES;
				CLANG_WARN_DIRECT_OBJC_ISA_USAGE = YES_ERROR;
				CLANG_WARN_DOCUMENTATION_COMMENTS = YES;
				CLANG_WARN_EMPTY_BODY = YES;
				CLANG_WARN_ENUM_CONVERSION = YES;
				CLANG_WARN_INFINITE_RECURSION = YES;
				CLANG_WARN_INT_CONVERSION = YES;
				CLANG_WARN_NON_LITERAL_NULL_CONVERSION = YES;
				CLANG_WARN_OBJC_IMPLICIT_RETAIN_SELF = YES;
				CLANG_WARN_OBJC_LITERAL_CONVERSION = YES;
				CLANG_WARN_OBJC_ROOT_CLASS = YES_ERROR;
				CLANG_WARN_QUOTED_INCLUDE_IN_FRAMEWORK_HEADER = YES;
				CLANG_WARN_RANGE_LOOP_ANALYSIS = YES;
				CLANG_WARN_STRICT_PROTOTYPES = YES;
				CLANG_WARN_SUSPICIOUS_MOVE = YES;
				CLANG_WARN_UNGUARDED_AVAILABILITY = YES_AGGRESSIVE;
				CLANG_WARN_UNREACHABLE_CODE = YES;
				CLANG_WARN__DUPLICATE_METHOD_MATCH = YES;
				COPY_PHASE_STRIP = NO;
				DEBUG_INFORMATION_FORMAT = "dwarf-with-dsym";
				ENABLE_NS_ASSERTIONS = NO;
				ENABLE_STRICT_OBJC_MSGSEND = YES;
				GCC_C_LANGUAGE_STANDARD = gnu11;
				GCC_NO_COMMON_BLOCKS = YES;
				GCC_WARN_64_TO_32_BIT_CONVERSION = YES;
				GCC_WARN_ABOUT_RETURN_TYPE = YES_ERROR;
				GCC_WARN_UNDECLARED_SELECTOR = YES;
				GCC_WARN_UNINITIALIZED_AUTOS = YES_AGGRESSIVE;
				GCC_WARN_UNUSED_FUNCTION = YES;
				GCC_WARN_UNUSED_VARIABLE = YES;
				IPHONEOS_DEPLOYMENT_TARGET = 16.4;
				MTL_ENABLE_DEBUG_INFO = NO;
				MTL_FAST_MATH = YES;
				SDKROOT = iphoneos;
				SWIFT_COMPILATION_MODE = wholemodule;
				SWIFT_OPTIMIZATION_LEVEL = "-O";
				VALIDATE_PRODUCT = YES;
			};
			name = Release;
		};
		C0451F8A2A8BE49600B57656 /* Debug */ = {
			isa = XCBuildConfiguration;
			buildSettings = {
				ASSETCATALOG_COMPILER_APPICON_NAME = AppIcon;
				ASSETCATALOG_COMPILER_GLOBAL_ACCENT_COLOR_NAME = AccentColor;
				CODE_SIGN_STYLE = Automatic;
				CURRENT_PROJECT_VERSION = 1;
				DEVELOPMENT_ASSET_PATHS = "\"dish/Preview Content\"";
				DEVELOPMENT_TEAM = 55YYLK95NV;
				ENABLE_PREVIEWS = YES;
				GENERATE_INFOPLIST_FILE = YES;
				INFOPLIST_KEY_UIApplicationSceneManifest_Generation = YES;
				INFOPLIST_KEY_UIApplicationSupportsIndirectInputEvents = YES;
				INFOPLIST_KEY_UILaunchScreen_Generation = YES;
				INFOPLIST_KEY_UISupportedInterfaceOrientations_iPad = "UIInterfaceOrientationPortrait UIInterfaceOrientationPortraitUpsideDown UIInterfaceOrientationLandscapeLeft UIInterfaceOrientationLandscapeRight";
				INFOPLIST_KEY_UISupportedInterfaceOrientations_iPhone = "UIInterfaceOrientationPortrait UIInterfaceOrientationLandscapeLeft UIInterfaceOrientationLandscapeRight";
				LD_RUNPATH_SEARCH_PATHS = (
					"$(inherited)",
					"@executable_path/Frameworks",
				);
				MARKETING_VERSION = 1.0;
				PRODUCT_BUNDLE_IDENTIFIER = kwk.dish;
				PRODUCT_NAME = "$(TARGET_NAME)";
				SWIFT_EMIT_LOC_STRINGS = YES;
				SWIFT_VERSION = 5.0;
				TARGETED_DEVICE_FAMILY = "1,2";
			};
			name = Debug;
		};
		C0451F8B2A8BE49600B57656 /* Release */ = {
			isa = XCBuildConfiguration;
			buildSettings = {
				ASSETCATALOG_COMPILER_APPICON_NAME = AppIcon;
				ASSETCATALOG_COMPILER_GLOBAL_ACCENT_COLOR_NAME = AccentColor;
				CODE_SIGN_STYLE = Automatic;
				CURRENT_PROJECT_VERSION = 1;
				DEVELOPMENT_ASSET_PATHS = "\"dish/Preview Content\"";
				DEVELOPMENT_TEAM = 55YYLK95NV;
				ENABLE_PREVIEWS = YES;
				GENERATE_INFOPLIST_FILE = YES;
				INFOPLIST_KEY_UIApplicationSceneManifest_Generation = YES;
				INFOPLIST_KEY_UIApplicationSupportsIndirectInputEvents = YES;
				INFOPLIST_KEY_UILaunchScreen_Generation = YES;
				INFOPLIST_KEY_UISupportedInterfaceOrientations_iPad = "UIInterfaceOrientationPortrait UIInterfaceOrientationPortraitUpsideDown UIInterfaceOrientationLandscapeLeft UIInterfaceOrientationLandscapeRight";
				INFOPLIST_KEY_UISupportedInterfaceOrientations_iPhone = "UIInterfaceOrientationPortrait UIInterfaceOrientationLandscapeLeft UIInterfaceOrientationLandscapeRight";
				LD_RUNPATH_SEARCH_PATHS = (
					"$(inherited)",
					"@executable_path/Frameworks",
				);
				MARKETING_VERSION = 1.0;
				PRODUCT_BUNDLE_IDENTIFIER = kwk.dish;
				PRODUCT_NAME = "$(TARGET_NAME)";
				SWIFT_EMIT_LOC_STRINGS = YES;
				SWIFT_VERSION = 5.0;
				TARGETED_DEVICE_FAMILY = "1,2";
			};
			name = Release;
		};
/* End XCBuildConfiguration section */

/* Begin XCConfigurationList section */
		C0451F762A8BE49400B57656 /* Build configuration list for PBXProject "dish" */ = {
			isa = XCConfigurationList;
			buildConfigurations = (
				C0451F872A8BE49600B57656 /* Debug */,
				C0451F882A8BE49600B57656 /* Release */,
			);
			defaultConfigurationIsVisible = 0;
			defaultConfigurationName = Release;
		};
		C0451F892A8BE49600B57656 /* Build configuration list for PBXNativeTarget "dish" */ = {
			isa = XCConfigurationList;
			buildConfigurations = (
				C0451F8A2A8BE49600B57656 /* Debug */,
				C0451F8B2A8BE49600B57656 /* Release */,
			);
			defaultConfigurationIsVisible = 0;
			defaultConfigurationName = Release;
		};
/* End XCConfigurationList section */
	};
	rootObject = C0451F732A8BE49400B57656 /* Project object */;
}
